
Microsoft Visual Studio Solution File, Format Version 12.00
# Visual Studio 2013
VisualStudioVersion = 12.0.40629.0
MinimumVisualStudioVersion = 10.0.40219.1
Project("{FAE04EC0-301F-11D3-BF4B-00C04F79EFBC}") = "ATP_TP1", "ATP_TP1\ATP_TP1.csproj", "{4A4AF2A9-F964-44AD-AF3B-BEF1FFCD529B}"
EndProject
Global
	GlobalSection(SolutionConfigurationPlatforms) = preSolution
		Debug|Any CPU = Debug|Any CPU
		Release|Any CPU = Release|Any CPU
	EndGlobalSection
	GlobalSection(ProjectConfigurationPlatforms) = postSolution
		{4A4AF2A9-F964-44AD-AF3B-BEF1FFCD529B}.Debug|Any CPU.ActiveCfg = Debug|Any CPU
		{4A4AF2A9-F964-44AD-AF3B-BEF1FFCD529B}.Debug|Any CPU.Build.0 = Debug|Any CPU
		{4A4AF2A9-F964-44AD-AF3B-BEF1FFCD529B}.Release|Any CPU.ActiveCfg = Release|Any CPU
		{4A4AF2A9-F964-44AD-AF3B-BEF1FFCD529B}.Release|Any CPU.Build.0 = Release|Any CPU
	EndGlobalSection
	GlobalSection(SolutionProperties) = preSolution
		HideSolutionNode = FALSE
	EndGlobalSection
EndGlobal
